
Microsoft Visual Studio Solution File, Format Version 12.00
# Visual Studio Version 17
VisualStudioVersion = 17.13.35825.156 d17.13
MinimumVisualStudioVersion = 10.0.40219.1
Project("{FAE04EC0-301F-11D3-BF4B-00C04F79EFBC}") = "DMS.Demo.Git.Branching.GitHubFlow.Rebase-MergePR.Good01", "DMS.Demo.Git.Branching.GitHubFlow.Rebase-MergePR.Good01.csproj", "{6017004C-2C8E-4590-BC2D-29950D6E3FD0}"
EndProject
Global
	GlobalSection(SolutionConfigurationPlatforms) = preSolution
		Debug|Any CPU = Debug|Any CPU
		Release|Any CPU = Release|Any CPU
	EndGlobalSection
	GlobalSection(ProjectConfigurationPlatforms) = postSolution
		{6017004C-2C8E-4590-BC2D-29950D6E3FD0}.Debug|Any CPU.ActiveCfg = Debug|Any CPU
		{6017004C-2C8E-4590-BC2D-29950D6E3FD0}.Debug|Any CPU.Build.0 = Debug|Any CPU
		{6017004C-2C8E-4590-BC2D-29950D6E3FD0}.Release|Any CPU.ActiveCfg = Release|Any CPU
		{6017004C-2C8E-4590-BC2D-29950D6E3FD0}.Release|Any CPU.Build.0 = Release|Any CPU
	EndGlobalSection
	GlobalSection(SolutionProperties) = preSolution
		HideSolutionNode = FALSE
	EndGlobalSection
	GlobalSection(ExtensibilityGlobals) = postSolution
		SolutionGuid = {E586C865-C4F5-4D89-A1D3-F0011165275C}
	EndGlobalSection
EndGlobal
